
Microsoft Visual Studio Solution File, Format Version 12.00
# Visual Studio Version 16
VisualStudioVersion = 16.0.30804.86
MinimumVisualStudioVersion = 10.0.40219.1
Project("{9A19103F-16F7-4668-BE54-9A1E7A4F7556}") = "ElenSoft.Web", "ElenSoft.Web\ElenSoft.Web.csproj", "{2A11D0DC-6AE8-4D71-A4ED-75DD861DA50F}"
EndProject
Project("{FAE04EC0-301F-11D3-BF4B-00C04F79EFBC}") = "ElenSoft.DataLayer", "ElenSoft.DataLayer\ElenSoft.DataLayer.csproj", "{32C72E9F-29B3-4EDD-B494-3D8D321DAB58}"
EndProject
Project("{FAE04EC0-301F-11D3-BF4B-00C04F79EFBC}") = "ElenSoft.Insfrastrcture", "ElenSoft.Insfrastrcture\ElenSoft.Insfrastrcture.csproj", "{F0A357FF-EFB0-4723-A0EE-026566D889A4}"
EndProject
Project("{FAE04EC0-301F-11D3-BF4B-00C04F79EFBC}") = "ElenSoft.Application", "ElenSoft.Application\ElenSoft.Application.csproj", "{8A9FE668-DCC0-4E6E-A9A4-7A89253A79BB}"
EndProject
Global
	GlobalSection(SolutionConfigurationPlatforms) = preSolution
		Debug|Any CPU = Debug|Any CPU
		Release|Any CPU = Release|Any CPU
	EndGlobalSection
	GlobalSection(ProjectConfigurationPlatforms) = postSolution
		{2A11D0DC-6AE8-4D71-A4ED-75DD861DA50F}.Debug|Any CPU.ActiveCfg = Debug|Any CPU
		{2A11D0DC-6AE8-4D71-A4ED-75DD861DA50F}.Debug|Any CPU.Build.0 = Debug|Any CPU
		{2A11D0DC-6AE8-4D71-A4ED-75DD861DA50F}.Release|Any CPU.ActiveCfg = Release|Any CPU
		{2A11D0DC-6AE8-4D71-A4ED-75DD861DA50F}.Release|Any CPU.Build.0 = Release|Any CPU
		{32C72E9F-29B3-4EDD-B494-3D8D321DAB58}.Debug|Any CPU.ActiveCfg = Debug|Any CPU
		{32C72E9F-29B3-4EDD-B494-3D8D321DAB58}.Debug|Any CPU.Build.0 = Debug|Any CPU
		{32C72E9F-29B3-4EDD-B494-3D8D321DAB58}.Release|Any CPU.ActiveCfg = Release|Any CPU
		{32C72E9F-29B3-4EDD-B494-3D8D321DAB58}.Release|Any CPU.Build.0 = Release|Any CPU
		{F0A357FF-EFB0-4723-A0EE-026566D889A4}.Debug|Any CPU.ActiveCfg = Debug|Any CPU
		{F0A357FF-EFB0-4723-A0EE-026566D889A4}.Debug|Any CPU.Build.0 = Debug|Any CPU
		{F0A357FF-EFB0-4723-A0EE-026566D889A4}.Release|Any CPU.ActiveCfg = Release|Any CPU
		{F0A357FF-EFB0-4723-A0EE-026566D889A4}.Release|Any CPU.Build.0 = Release|Any CPU
		{8A9FE668-DCC0-4E6E-A9A4-7A89253A79BB}.Debug|Any CPU.ActiveCfg = Debug|Any CPU
		{8A9FE668-DCC0-4E6E-A9A4-7A89253A79BB}.Debug|Any CPU.Build.0 = Debug|Any CPU
		{8A9FE668-DCC0-4E6E-A9A4-7A89253A79BB}.Release|Any CPU.ActiveCfg = Release|Any CPU
		{8A9FE668-DCC0-4E6E-A9A4-7A89253A79BB}.Release|Any CPU.Build.0 = Release|Any CPU
	EndGlobalSection
	GlobalSection(SolutionProperties) = preSolution
		HideSolutionNode = FALSE
	EndGlobalSection
	GlobalSection(ExtensibilityGlobals) = postSolution
		SolutionGuid = {66857A73-DCE3-4644-9072-7B95880D14AF}
	EndGlobalSection
EndGlobal
